
Microsoft Visual Studio Solution File, Format Version 12.00
# Visual Studio Version 17
VisualStudioVersion = 17.3.32819.101
MinimumVisualStudioVersion = 10.0.40219.1
Project("{FAE04EC0-301F-11D3-BF4B-00C04F79EFBC}") = "QLNS", "QLNS.csproj", "{3D9621CB-8D6F-4AB9-BDB0-E21693D50E18}"
EndProject
Global
	GlobalSection(SolutionConfigurationPlatforms) = preSolution
		Debug|Any CPU = Debug|Any CPU
		Release|Any CPU = Release|Any CPU
	EndGlobalSection
	GlobalSection(ProjectConfigurationPlatforms) = postSolution
		{3D9621CB-8D6F-4AB9-BDB0-E21693D50E18}.Debug|Any CPU.ActiveCfg = Debug|Any CPU
		{3D9621CB-8D6F-4AB9-BDB0-E21693D50E18}.Debug|Any CPU.Build.0 = Debug|Any CPU
		{3D9621CB-8D6F-4AB9-BDB0-E21693D50E18}.Release|Any CPU.ActiveCfg = Release|Any CPU
		{3D9621CB-8D6F-4AB9-BDB0-E21693D50E18}.Release|Any CPU.Build.0 = Release|Any CPU
	EndGlobalSection
	GlobalSection(SolutionProperties) = preSolution
		HideSolutionNode = FALSE
	EndGlobalSection
	GlobalSection(ExtensibilityGlobals) = postSolution
		SolutionGuid = {D1C4DB13-8A86-4633-A60C-B089E1CC8B2A}
	EndGlobalSection
EndGlobal
